// !$*UTF8*$!
{
	archiveVersion = 1;
	classes = {
	};
	objectVersion = 46;
	objects = {

/* Begin PBXBuildFile section */
		564243271D9EA9C000648694 /* ResponseParserProtocol.swift in Sources */ = {isa = PBXBuildFile; fileRef = 564243261D9EA9C000648694 /* ResponseParserProtocol.swift */; };
		564F12051D9AA785008FA5E3 /* AppDelegate.swift in Sources */ = {isa = PBXBuildFile; fileRef = 564F12041D9AA785008FA5E3 /* AppDelegate.swift */; };
		564F12071D9AA785008FA5E3 /* ViewController.swift in Sources */ = {isa = PBXBuildFile; fileRef = 564F12061D9AA785008FA5E3 /* ViewController.swift */; };
		564F120A1D9AA785008FA5E3 /* Main.storyboard in Resources */ = {isa = PBXBuildFile; fileRef = 564F12081D9AA785008FA5E3 /* Main.storyboard */; };
		564F120C1D9AA785008FA5E3 /* Assets.xcassets in Resources */ = {isa = PBXBuildFile; fileRef = 564F120B1D9AA785008FA5E3 /* Assets.xcassets */; };
		564F120F1D9AA785008FA5E3 /* LaunchScreen.storyboard in Resources */ = {isa = PBXBuildFile; fileRef = 564F120D1D9AA785008FA5E3 /* LaunchScreen.storyboard */; };
		564F121A1D9AA785008FA5E3 /* WibreeTests.swift in Sources */ = {isa = PBXBuildFile; fileRef = 564F12191D9AA785008FA5E3 /* WibreeTests.swift */; };
		564F12251D9AA785008FA5E3 /* WibreeUITests.swift in Sources */ = {isa = PBXBuildFile; fileRef = 564F12241D9AA785008FA5E3 /* WibreeUITests.swift */; };
		564F12331D9ABA00008FA5E3 /* Document.swift in Sources */ = {isa = PBXBuildFile; fileRef = 564F12321D9ABA00008FA5E3 /* Document.swift */; };
/* End PBXBuildFile section */

/* Begin PBXContainerItemProxy section */
		564F12161D9AA785008FA5E3 /* PBXContainerItemProxy */ = {
			isa = PBXContainerItemProxy;
			containerPortal = 564F11F91D9AA785008FA5E3 /* Project object */;
			proxyType = 1;
			remoteGlobalIDString = 564F12001D9AA785008FA5E3;
			remoteInfo = Wibree;
		};
		564F12211D9AA785008FA5E3 /* PBXContainerItemProxy */ = {
			isa = PBXContainerItemProxy;
			containerPortal = 564F11F91D9AA785008FA5E3 /* Project object */;
			proxyType = 1;
			remoteGlobalIDString = 564F12001D9AA785008FA5E3;
			remoteInfo = Wibree;
		};
/* End PBXContainerItemProxy section */

/* Begin PBXFileReference section */
		564243261D9EA9C000648694 /* ResponseParserProtocol.swift */ = {isa = PBXFileReference; fileEncoding = 4; lastKnownFileType = sourcecode.swift; path = ResponseParserProtocol.swift; sourceTree = "<group>"; };
		564F12011D9AA785008FA5E3 /* Wibree.app */ = {isa = PBXFileReference; explicitFileType = wrapper.application; includeInIndex = 0; path = Wibree.app; sourceTree = BUILT_PRODUCTS_DIR; };
		564F12041D9AA785008FA5E3 /* AppDelegate.swift */ = {isa = PBXFileReference; lastKnownFileType = sourcecode.swift; path = AppDelegate.swift; sourceTree = "<group>"; };
		564F12061D9AA785008FA5E3 /* ViewController.swift */ = {isa = PBXFileReference; lastKnownFileType = sourcecode.swift; path = ViewController.swift; sourceTree = "<group>"; };
		564F12091D9AA785008FA5E3 /* Base */ = {isa = PBXFileReference; lastKnownFileType = file.storyboard; name = Base; path = Base.lproj/Main.storyboard; sourceTree = "<group>"; };
		564F120B1D9AA785008FA5E3 /* Assets.xcassets */ = {isa = PBXFileReference; lastKnownFileType = folder.assetcatalog; path = Assets.xcassets; sourceTree = "<group>"; };
		564F120E1D9AA785008FA5E3 /* Base */ = {isa = PBXFileReference; lastKnownFileType = file.storyboard; name = Base; path = Base.lproj/LaunchScreen.storyboard; sourceTree = "<group>"; };
		564F12101D9AA785008FA5E3 /* Info.plist */ = {isa = PBXFileReference; lastKnownFileType = text.plist.xml; path = Info.plist; sourceTree = "<group>"; };
		564F12151D9AA785008FA5E3 /* WibreeTests.xctest */ = {isa = PBXFileReference; explicitFileType = wrapper.cfbundle; includeInIndex = 0; path = WibreeTests.xctest; sourceTree = BUILT_PRODUCTS_DIR; };
		564F12191D9AA785008FA5E3 /* WibreeTests.swift */ = {isa = PBXFileReference; lastKnownFileType = sourcecode.swift; path = WibreeTests.swift; sourceTree = "<group>"; };
		564F121B1D9AA785008FA5E3 /* Info.plist */ = {isa = PBXFileReference; lastKnownFileType = text.plist.xml; path = Info.plist; sourceTree = "<group>"; };
		564F12201D9AA785008FA5E3 /* WibreeUITests.xctest */ = {isa = PBXFileReference; explicitFileType = wrapper.cfbundle; includeInIndex = 0; path = WibreeUITests.xctest; sourceTree = BUILT_PRODUCTS_DIR; };
		564F12241D9AA785008FA5E3 /* WibreeUITests.swift */ = {isa = PBXFileReference; lastKnownFileType = sourcecode.swift; path = WibreeUITests.swift; sourceTree = "<group>"; };
		564F12261D9AA785008FA5E3 /* Info.plist */ = {isa = PBXFileReference; lastKnownFileType = text.plist.xml; path = Info.plist; sourceTree = "<group>"; };
		564F12321D9ABA00008FA5E3 /* Document.swift */ = {isa = PBXFileReference; fileEncoding = 4; lastKnownFileType = sourcecode.swift; path = Document.swift; sourceTree = "<group>"; };
/* End PBXFileReference section */

/* Begin PBXFrameworksBuildPhase section */
		564F11FE1D9AA785008FA5E3 /* Frameworks */ = {
			isa = PBXFrameworksBuildPhase;
			buildActionMask = 2147483647;
			files = (
			);
			runOnlyForDeploymentPostprocessing = 0;
		};
		564F12121D9AA785008FA5E3 /* Frameworks */ = {
			isa = PBXFrameworksBuildPhase;
			buildActionMask = 2147483647;
			files = (
			);
			runOnlyForDeploymentPostprocessing = 0;
		};
		564F121D1D9AA785008FA5E3 /* Frameworks */ = {
			isa = PBXFrameworksBuildPhase;
			buildActionMask = 2147483647;
			files = (
			);
			runOnlyForDeploymentPostprocessing = 0;
		};
/* End PBXFrameworksBuildPhase section */

/* Begin PBXGroup section */
		564F11F81D9AA785008FA5E3 = {
			isa = PBXGroup;
			children = (
				564F12031D9AA785008FA5E3 /* Wibree */,
				564F12181D9AA785008FA5E3 /* WibreeTests */,
				564F12231D9AA785008FA5E3 /* WibreeUITests */,
				564F12021D9AA785008FA5E3 /* Products */,
			);
			sourceTree = "<group>";
		};
		564F12021D9AA785008FA5E3 /* Products */ = {
			isa = PBXGroup;
			children = (
				564F12011D9AA785008FA5E3 /* Wibree.app */,
				564F12151D9AA785008FA5E3 /* WibreeTests.xctest */,
				564F12201D9AA785008FA5E3 /* WibreeUITests.xctest */,
			);
			name = Products;
			sourceTree = "<group>";
		};
		564F12031D9AA785008FA5E3 /* Wibree */ = {
			isa = PBXGroup;
			children = (
				564F12041D9AA785008FA5E3 /* AppDelegate.swift */,
				564F12061D9AA785008FA5E3 /* ViewController.swift */,
				564F12321D9ABA00008FA5E3 /* Document.swift */,
				564243261D9EA9C000648694 /* ResponseParserProtocol.swift */,
				564F12081D9AA785008FA5E3 /* Main.storyboard */,
				564F120B1D9AA785008FA5E3 /* Assets.xcassets */,
				564F120D1D9AA785008FA5E3 /* LaunchScreen.storyboard */,
				564F12101D9AA785008FA5E3 /* Info.plist */,
			);
			path = Wibree;
			sourceTree = "<group>";
		};
		564F12181D9AA785008FA5E3 /* WibreeTests */ = {
			isa = PBXGroup;
			children = (
				564F12191D9AA785008FA5E3 /* WibreeTests.swift */,
				564F121B1D9AA785008FA5E3 /* Info.plist */,
			);
			path = WibreeTests;
			sourceTree = "<group>";
		};
		564F12231D9AA785008FA5E3 /* WibreeUITests */ = {
			isa = PBXGroup;
			children = (
				564F12241D9AA785008FA5E3 /* WibreeUITests.swift */,
				564F12261D9AA785008FA5E3 /* Info.plist */,
			);
			path = WibreeUITests;
			sourceTree = "<group>";
		};
/* End PBXGroup section */

/* Begin PBXNativeTarget section */
		564F12001D9AA785008FA5E3 /* Wibree */ = {
			isa = PBXNativeTarget;
			buildConfigurationList = 564F12291D9AA785008FA5E3 /* Build configuration list for PBXNativeTarget "Wibree" */;
			buildPhases = (
				564F11FD1D9AA785008FA5E3 /* Sources */,
				564F11FE1D9AA785008FA5E3 /* Frameworks */,
				564F11FF1D9AA785008FA5E3 /* Resources */,
			);
			buildRules = (
			);
			dependencies = (
			);
			name = Wibree;
			productName = Wibree;
			productReference = 564F12011D9AA785008FA5E3 /* Wibree.app */;
			productType = "com.apple.product-type.application";
		};
		564F12141D9AA785008FA5E3 /* WibreeTests */ = {
			isa = PBXNativeTarget;
			buildConfigurationList = 564F122C1D9AA785008FA5E3 /* Build configuration list for PBXNativeTarget "WibreeTests" */;
			buildPhases = (
				564F12111D9AA785008FA5E3 /* Sources */,
				564F12121D9AA785008FA5E3 /* Frameworks */,
				564F12131D9AA785008FA5E3 /* Resources */,
			);
			buildRules = (
			);
			dependencies = (
				564F12171D9AA785008FA5E3 /* PBXTargetDependency */,
			);
			name = WibreeTests;
			productName = WibreeTests;
			productReference = 564F12151D9AA785008FA5E3 /* WibreeTests.xctest */;
			productType = "com.apple.product-type.bundle.unit-test";
		};
		564F121F1D9AA785008FA5E3 /* WibreeUITests */ = {
			isa = PBXNativeTarget;
			buildConfigurationList = 564F122F1D9AA785008FA5E3 /* Build configuration list for PBXNativeTarget "WibreeUITests" */;
			buildPhases = (
				564F121C1D9AA785008FA5E3 /* Sources */,
				564F121D1D9AA785008FA5E3 /* Frameworks */,
				564F121E1D9AA785008FA5E3 /* Resources */,
			);
			buildRules = (
			);
			dependencies = (
				564F12221D9AA785008FA5E3 /* PBXTargetDependency */,
			);
			name = WibreeUITests;
			productName = WibreeUITests;
			productReference = 564F12201D9AA785008FA5E3 /* WibreeUITests.xctest */;
			productType = "com.apple.product-type.bundle.ui-testing";
		};
/* End PBXNativeTarget section */

/* Begin PBXProject section */
		564F11F91D9AA785008FA5E3 /* Project object */ = {
			isa = PBXProject;
			attributes = {
				LastSwiftUpdateCheck = 0800;
				LastUpgradeCheck = 0800;
				ORGANIZATIONNAME = "Bitz Co., Ltd.";
				TargetAttributes = {
					564F12001D9AA785008FA5E3 = {
						CreatedOnToolsVersion = 8.0;
						ProvisioningStyle = Automatic;
					};
					564F12141D9AA785008FA5E3 = {
						CreatedOnToolsVersion = 8.0;
						ProvisioningStyle = Automatic;
						TestTargetID = 564F12001D9AA785008FA5E3;
					};
					564F121F1D9AA785008FA5E3 = {
						CreatedOnToolsVersion = 8.0;
						ProvisioningStyle = Automatic;
						TestTargetID = 564F12001D9AA785008FA5E3;
					};
				};
			};
			buildConfigurationList = 564F11FC1D9AA785008FA5E3 /* Build configuration list for PBXProject "Wibree" */;
			compatibilityVersion = "Xcode 3.2";
			developmentRegion = English;
			hasScannedForEncodings = 0;
			knownRegions = (
				en,
				Base,
			);
			mainGroup = 564F11F81D9AA785008FA5E3;
			productRefGroup = 564F12021D9AA785008FA5E3 /* Products */;
			projectDirPath = "";
			projectRoot = "";
			targets = (
				564F12001D9AA785008FA5E3 /* Wibree */,
				564F12141D9AA785008FA5E3 /* WibreeTests */,
				564F121F1D9AA785008FA5E3 /* WibreeUITests */,
			);
		};
/* End PBXProject section */

/* Begin PBXResourcesBuildPhase section */
		564F11FF1D9AA785008FA5E3 /* Resources */ = {
			isa = PBXResourcesBuildPhase;
			buildActionMask = 2147483647;
			files = (
				564F120F1D9AA785008FA5E3 /* LaunchScreen.storyboard in Resources */,
				564F120C1D9AA785008FA5E3 /* Assets.xcassets in Resources */,
				564F120A1D9AA785008FA5E3 /* Main.storyboard in Resources */,
			);
			runOnlyForDeploymentPostprocessing = 0;
		};
		564F12131D9AA785008FA5E3 /* Resources */ = {
			isa = PBXResourcesBuildPhase;
			buildActionMask = 2147483647;
			files = (
			);
			runOnlyForDeploymentPostprocessing = 0;
		};
		564F121E1D9AA785008FA5E3 /* Resources */ = {
			isa = PBXResourcesBuildPhase;
			buildActionMask = 2147483647;
			files = (
			);
			runOnlyForDeploymentPostprocessing = 0;
		};
/* End PBXResourcesBuildPhase section */

/* Begin PBXSourcesBuildPhase section */
		564F11FD1D9AA785008FA5E3 /* Sources */ = {
			isa = PBXSourcesBuildPhase;
			buildActionMask = 2147483647;
			files = (
				564F12071D9AA785008FA5E3 /* ViewController.swift in Sources */,
				564243271D9EA9C000648694 /* ResponseParserProtocol.swift in Sources */,
				564F12051D9AA785008FA5E3 /* AppDelegate.swift in Sources */,
				564F12331D9ABA00008FA5E3 /* Document.swift in Sources */,
			);
			runOnlyForDeploymentPostprocessing = 0;
		};
		564F12111D9AA785008FA5E3 /* Sources */ = {
			isa = PBXSourcesBuildPhase;
			buildActionMask = 2147483647;
			files = (
				564F121A1D9AA785008FA5E3 /* WibreeTests.swift in Sources */,
			);
			runOnlyForDeploymentPostprocessing = 0;
		};
		564F121C1D9AA785008FA5E3 /* Sources */ = {
			isa = PBXSourcesBuildPhase;
			buildActionMask = 2147483647;
			files = (
				564F12251D9AA785008FA5E3 /* WibreeUITests.swift in Sources */,
			);
			runOnlyForDeploymentPostprocessing = 0;
		};
/* End PBXSourcesBuildPhase section */

/* Begin PBXTargetDependency section */
		564F12171D9AA785008FA5E3 /* PBXTargetDependency */ = {
			isa = PBXTargetDependency;
			target = 564F12001D9AA785008FA5E3 /* Wibree */;
			targetProxy = 564F12161D9AA785008FA5E3 /* PBXContainerItemProxy */;
		};
		564F12221D9AA785008FA5E3 /* PBXTargetDependency */ = {
			isa = PBXTargetDependency;
			target = 564F12001D9AA785008FA5E3 /* Wibree */;
			targetProxy = 564F12211D9AA785008FA5E3 /* PBXContainerItemProxy */;
		};
/* End PBXTargetDependency section */

/* Begin PBXVariantGroup section */
		564F12081D9AA785008FA5E3 /* Main.storyboard */ = {
			isa = PBXVariantGroup;
			children = (
				564F12091D9AA785008FA5E3 /* Base */,
			);
			name = Main.storyboard;
			sourceTree = "<group>";
		};
		564F120D1D9AA785008FA5E3 /* LaunchScreen.storyboard */ = {
			isa = PBXVariantGroup;
			children = (
				564F120E1D9AA785008FA5E3 /* Base */,
			);
			name = LaunchScreen.storyboard;
			sourceTree = "<group>";
		};
/* End PBXVariantGroup section */

/* Begin XCBuildConfiguration section */
		564F12271D9AA785008FA5E3 /* Debug */ = {
			isa = XCBuildConfiguration;
			buildSettings = {
				ALWAYS_SEARCH_USER_PATHS = NO;
				CLANG_ANALYZER_NONNULL = YES;
				CLANG_CXX_LANGUAGE_STANDARD = "gnu++0x";
				CLANG_CXX_LIBRARY = "libc++";
				CLANG_ENABLE_MODULES = YES;
				CLANG_ENABLE_OBJC_ARC = YES;
				CLANG_WARN_BOOL_CONVERSION = YES;
				CLANG_WARN_CONSTANT_CONVERSION = YES;
				CLANG_WARN_DIRECT_OBJC_ISA_USAGE = YES_ERROR;
				CLANG_WARN_DOCUMENTATION_COMMENTS = YES;
				CLANG_WARN_EMPTY_BODY = YES;
				CLANG_WARN_ENUM_CONVERSION = YES;
				CLANG_WARN_INFINITE_RECURSION = YES;
				CLANG_WARN_INT_CONVERSION = YES;
				CLANG_WARN_OBJC_ROOT_CLASS = YES_ERROR;
				CLANG_WARN_SUSPICIOUS_MOVES = YES;
				CLANG_WARN_UNREACHABLE_CODE = YES;
				CLANG_WARN__DUPLICATE_METHOD_MATCH = YES;
				"CODE_SIGN_IDENTITY[sdk=iphoneos*]" = "iPhone Developer";
				COPY_PHASE_STRIP = NO;
				DEBUG_INFORMATION_FORMAT = dwarf;
				ENABLE_STRICT_OBJC_MSGSEND = YES;
				ENABLE_TESTABILITY = YES;
				GCC_C_LANGUAGE_STANDARD = gnu99;
				GCC_DYNAMIC_NO_PIC = NO;
				GCC_NO_COMMON_BLOCKS = YES;
				GCC_OPTIMIZATION_LEVEL = 0;
				GCC_PREPROCESSOR_DEFINITIONS = (
					"DEBUG=1",
					"$(inherited)",
				);
				GCC_WARN_64_TO_32_BIT_CONVERSION = YES;
				GCC_WARN_ABOUT_RETURN_TYPE = YES_ERROR;
				GCC_WARN_UNDECLARED_SELECTOR = YES;
				GCC_WARN_UNINITIALIZED_AUTOS = YES_AGGRESSIVE;
				GCC_WARN_UNUSED_FUNCTION = YES;
				GCC_WARN_UNUSED_VARIABLE = YES;
				IPHONEOS_DEPLOYMENT_TARGET = 10.0;
				MTL_ENABLE_DEBUG_INFO = YES;
				ONLY_ACTIVE_ARCH = YES;
				SDKROOT = iphoneos;
				SWIFT_ACTIVE_COMPILATION_CONDITIONS = DEBUG;
				SWIFT_OPTIMIZATION_LEVEL = "-Onone";
				TARGETED_DEVICE_FAMILY = "1,2";
			};
			name = Debug;
		};
		564F12281D9AA785008FA5E3 /* Release */ = {
			isa = XCBuildConfiguration;
			buildSettings = {
				ALWAYS_SEARCH_USER_PATHS = NO;
				CLANG_ANALYZER_NONNULL = YES;
				CLANG_CXX_LANGUAGE_STANDARD = "gnu++0x";
				CLANG_CXX_LIBRARY = "libc++";
				CLANG_ENABLE_MODULES = YES;
				CLANG_ENABLE_OBJC_ARC = YES;
				CLANG_WARN_BOOL_CONVERSION = YES;
				CLANG_WARN_CONSTANT_CONVERSION = YES;
				CLANG_WARN_DIRECT_OBJC_ISA_USAGE = YES_ERROR;
				CLANG_WARN_DOCUMENTATION_COMMENTS = YES;
				CLANG_WARN_EMPTY_BODY = YES;
				CLANG_WARN_ENUM_CONVERSION = YES;
				CLANG_WARN_INFINITE_RECURSION = YES;
				CLANG_WARN_INT_CONVERSION = YES;
				CLANG_WARN_OBJC_ROOT_CLASS = YES_ERROR;
				CLANG_WARN_SUSPICIOUS_MOVES = YES;
				CLANG_WARN_UNREACHABLE_CODE = YES;
				CLANG_WARN__DUPLICATE_METHOD_MATCH = YES;
				"CODE_SIGN_IDENTITY[sdk=iphoneos*]" = "iPhone Developer";
				COPY_PHASE_STRIP = NO;
				DEBUG_INFORMATION_FORMAT = "dwarf-with-dsym";
				ENABLE_NS_ASSERTIONS = NO;
				ENABLE_STRICT_OBJC_MSGSEND = YES;
				GCC_C_LANGUAGE_STANDARD = gnu99;
				GCC_NO_COMMON_BLOCKS = YES;
				GCC_WARN_64_TO_32_BIT_CONVERSION = YES;
				GCC_WARN_ABOUT_RETURN_TYPE = YES_ERROR;
				GCC_WARN_UNDECLARED_SELECTOR = YES;
				GCC_WARN_UNINITIALIZED_AUTOS = YES_AGGRESSIVE;
				GCC_WARN_UNUSED_FUNCTION = YES;
				GCC_WARN_UNUSED_VARIABLE = YES;
				IPHONEOS_DEPLOYMENT_TARGET = 10.0;
				MTL_ENABLE_DEBUG_INFO = NO;
				SDKROOT = iphoneos;
				SWIFT_OPTIMIZATION_LEVEL = "-Owholemodule";
				TARGETED_DEVICE_FAMILY = "1,2";
				VALIDATE_PRODUCT = YES;
			};
			name = Release;
		};
		564F122A1D9AA785008FA5E3 /* Debug */ = {
			isa = XCBuildConfiguration;
			buildSettings = {
				ASSETCATALOG_COMPILER_APPICON_NAME = AppIcon;
				INFOPLIST_FILE = Wibree/Info.plist;
				LD_RUNPATH_SEARCH_PATHS = "$(inherited) @executable_path/Frameworks";
				PRODUCT_BUNDLE_IDENTIFIER = jp.co.bitz.Wibree;
				PRODUCT_NAME = "$(TARGET_NAME)";
				SWIFT_VERSION = 3.0;
			};
			name = Debug;
		};
		564F122B1D9AA785008FA5E3 /* Release */ = {
			isa = XCBuildConfiguration;
			buildSettings = {
				ASSETCATALOG_COMPILER_APPICON_NAME = AppIcon;
				INFOPLIST_FILE = Wibree/Info.plist;
				LD_RUNPATH_SEARCH_PATHS = "$(inherited) @executable_path/Frameworks";
				PRODUCT_BUNDLE_IDENTIFIER = jp.co.bitz.Wibree;
				PRODUCT_NAME = "$(TARGET_NAME)";
				SWIFT_VERSION = 3.0;
			};
			name = Release;
		};
		564F122D1D9AA785008FA5E3 /* Debug */ = {
			isa = XCBuildConfiguration;
			buildSettings = {
				ALWAYS_EMBED_SWIFT_STANDARD_LIBRARIES = YES;
				BUNDLE_LOADER = "$(TEST_HOST)";
				INFOPLIST_FILE = WibreeTests/Info.plist;
				LD_RUNPATH_SEARCH_PATHS = "$(inherited) @executable_path/Frameworks @loader_path/Frameworks";
				PRODUCT_BUNDLE_IDENTIFIER = jp.co.bitz.WibreeTests;
				PRODUCT_NAME = "$(TARGET_NAME)";
				SWIFT_VERSION = 3.0;
				TEST_HOST = "$(BUILT_PRODUCTS_DIR)/Wibree.app/Wibree";
			};
			name = Debug;
		};
		564F122E1D9AA785008FA5E3 /* Release */ = {
			isa = XCBuildConfiguration;
			buildSettings = {
				ALWAYS_EMBED_SWIFT_STANDARD_LIBRARIES = YES;
				BUNDLE_LOADER = "$(TEST_HOST)";
				INFOPLIST_FILE = WibreeTests/Info.plist;
				LD_RUNPATH_SEARCH_PATHS = "$(inherited) @executable_path/Frameworks @loader_path/Frameworks";
				PRODUCT_BUNDLE_IDENTIFIER = jp.co.bitz.WibreeTests;
				PRODUCT_NAME = "$(TARGET_NAME)";
				SWIFT_VERSION = 3.0;
				TEST_HOST = "$(BUILT_PRODUCTS_DIR)/Wibree.app/Wibree";
			};
			name = Release;
		};
		564F12301D9AA785008FA5E3 /* Debug */ = {
			isa = XCBuildConfiguration;
			buildSettings = {
				ALWAYS_EMBED_SWIFT_STANDARD_LIBRARIES = YES;
				INFOPLIST_FILE = WibreeUITests/Info.plist;
				LD_RUNPATH_SEARCH_PATHS = "$(inherited) @executable_path/Frameworks @loader_path/Frameworks";
				PRODUCT_BUNDLE_IDENTIFIER = jp.co.bitz.WibreeUITests;
				PRODUCT_NAME = "$(TARGET_NAME)";
				SWIFT_VERSION = 3.0;
				TEST_TARGET_NAME = Wibree;
			};
			name = Debug;
		};
		564F12311D9AA785008FA5E3 /* Release */ = {
			isa = XCBuildConfiguration;
			buildSettings = {
				ALWAYS_EMBED_SWIFT_STANDARD_LIBRARIES = YES;
				INFOPLIST_FILE = WibreeUITests/Info.plist;
				LD_RUNPATH_SEARCH_PATHS = "$(inherited) @executable_path/Frameworks @loader_path/Frameworks";
				PRODUCT_BUNDLE_IDENTIFIER = jp.co.bitz.WibreeUITests;
				PRODUCT_NAME = "$(TARGET_NAME)";
				SWIFT_VERSION = 3.0;
				TEST_TARGET_NAME = Wibree;
			};
			name = Release;
		};
/* End XCBuildConfiguration section */

/* Begin XCConfigurationList section */
		564F11FC1D9AA785008FA5E3 /* Build configuration list for PBXProject "Wibree" */ = {
			isa = XCConfigurationList;
			buildConfigurations = (
				564F12271D9AA785008FA5E3 /* Debug */,
				564F12281D9AA785008FA5E3 /* Release */,
			);
			defaultConfigurationIsVisible = 0;
			defaultConfigurationName = Release;
		};
		564F12291D9AA785008FA5E3 /* Build configuration list for PBXNativeTarget "Wibree" */ = {
			isa = XCConfigurationList;
			buildConfigurations = (
				564F122A1D9AA785008FA5E3 /* Debug */,
				564F122B1D9AA785008FA5E3 /* Release */,
			);
			defaultConfigurationIsVisible = 0;
			defaultConfigurationName = Release;
		};
		564F122C1D9AA785008FA5E3 /* Build configuration list for PBXNativeTarget "WibreeTests" */ = {
			isa = XCConfigurationList;
			buildConfigurations = (
				564F122D1D9AA785008FA5E3 /* Debug */,
				564F122E1D9AA785008FA5E3 /* Release */,
			);
			defaultConfigurationIsVisible = 0;
			defaultConfigurationName = Release;
		};
		564F122F1D9AA785008FA5E3 /* Build configuration list for PBXNativeTarget "WibreeUITests" */ = {
			isa = XCConfigurationList;
			buildConfigurations = (
				564F12301D9AA785008FA5E3 /* Debug */,
				564F12311D9AA785008FA5E3 /* Release */,
			);
			defaultConfigurationIsVisible = 0;
			defaultConfigurationName = Release;
		};
/* End XCConfigurationList section */
	};
	rootObject = 564F11F91D9AA785008FA5E3 /* Project object */;
}
